# THIS IS AN AUTOGENERATED FILE. DO NOT EDIT THIS FILE DIRECTLY.
# yarn lockfile v1


sakura-js@^1.1.1:
  version "1.1.1"
  resolved "https://registry.yarnpkg.com/sakura-js/-/sakura-js-1.1.1.tgz#c932a6a5857537ad6dc7131cbbfec1844194dace"
  integrity sha512-JWTK9RauYrZoDMymmuXRH+fFdqh9uJqZUdy0bUbt001w6N9QO82+gpTGoTtwDn+KROnffQIMTfQOvG8t9GwQDw==
